
Microsoft Visual Studio Solution File, Format Version 12.00
# Visual Studio Version 17
VisualStudioVersion = 17.0.31903.59
MinimumVisualStudioVersion = 10.0.40219.1
Project("{FAE04EC0-301F-11D3-BF4B-00C04F79EFBC}") = "frontend", "frontend\frontend.csproj", "{5FFF50B2-599E-4570-A85B-BE16ED1C455D}"
EndProject
Project("{FAE04EC0-301F-11D3-BF4B-00C04F79EFBC}") = "backend", "backend\backend.csproj", "{4ADB219E-7DFD-4CE3-AABE-1D1F02B5C634}"
EndProject
Global
	GlobalSection(SolutionConfigurationPlatforms) = preSolution
		Debug|Any CPU = Debug|Any CPU
		Release|Any CPU = Release|Any CPU
	EndGlobalSection
	GlobalSection(SolutionProperties) = preSolution
		HideSolutionNode = FALSE
	EndGlobalSection
	GlobalSection(ProjectConfigurationPlatforms) = postSolution
		{5FFF50B2-599E-4570-A85B-BE16ED1C455D}.Debug|Any CPU.ActiveCfg = Debug|Any CPU
		{5FFF50B2-599E-4570-A85B-BE16ED1C455D}.Debug|Any CPU.Build.0 = Debug|Any CPU
		{5FFF50B2-599E-4570-A85B-BE16ED1C455D}.Release|Any CPU.ActiveCfg = Release|Any CPU
		{5FFF50B2-599E-4570-A85B-BE16ED1C455D}.Release|Any CPU.Build.0 = Release|Any CPU
		{4ADB219E-7DFD-4CE3-AABE-1D1F02B5C634}.Debug|Any CPU.ActiveCfg = Debug|Any CPU
		{4ADB219E-7DFD-4CE3-AABE-1D1F02B5C634}.Debug|Any CPU.Build.0 = Debug|Any CPU
		{4ADB219E-7DFD-4CE3-AABE-1D1F02B5C634}.Release|Any CPU.ActiveCfg = Release|Any CPU
		{4ADB219E-7DFD-4CE3-AABE-1D1F02B5C634}.Release|Any CPU.Build.0 = Release|Any CPU
	EndGlobalSection
EndGlobal
